{
  "name": "ProductiveX",
  "lockfileVersion": 3,
  "requires": true,
  "packages": {
    "": {
      "dependencies": {
        "react-tsparticles": "^2.12.2",
        "tsparticles": "^3.8.1"
      }
    },
    "node_modules/@tsparticles/basic": {
      "version": "3.8.1",
      "resolved": "https://registry.npmjs.org/@tsparticles/basic/-/basic-3.8.1.tgz",
      "integrity": "sha512-my114zRmekT/+I2cGuEnHxlX5G/jO0iVtNnsxxlsgspXUTSY+fDixmrNF4UgFkuaIwd9Bv/yH+7S/4HE4qte7A==",
      "funding": [
        {
          "type": "github",
          "url": "https://github.com/sponsors/matteobruni"
        },
        {
          "type": "github",
          "url": "https://github.com/sponsors/tsparticles"
        },
        {
          "type": "buymeacoffee",
          "url": "https://www.buymeacoffee.com/matteobruni"
        }
      ],
      "license": "MIT",
      "dependencies": {
        "@tsparticles/engine": "3.8.1",
        "@tsparticles/move-base": "3.8.1",
        "@tsparticles/plugin-hex-color": "3.8.1",
        "@tsparticles/plugin-hsl-color": "3.8.1",
        "@tsparticles/plugin-rgb-color": "3.8.1",
        "@tsparticles/shape-circle": "3.8.1",
        "@tsparticles/updater-color": "3.8.1",
        "@tsparticles/updater-opacity": "3.8.1",
        "@tsparticles/updater-out-modes": "3.8.1",
        "@tsparticles/updater-size": "3.8.1"
      }
    },
    "node_modules/@tsparticles/engine": {
      "version": "3.8.1",
      "resolved": "https://registry.npmjs.org/@tsparticles/engine/-/engine-3.8.1.tgz",
      "integrity": "sha512-S8h10nuZfElY7oih//NUHnT5qf4v3/dnsU8CMs7dz5lBEGr3amrYrXk0V+YKPTIQwfdmJHUaSBoAqFiv4aEGIA==",
      "funding": [
        {
          "type": "github",
          "url": "https://github.com/sponsors/matteobruni"
        },
        {
          "type": "github",
          "url": "https://github.com/sponsors/tsparticles"
        },
        {
          "type": "buymeacoffee",
          "url": "https://www.buymeacoffee.com/matteobruni"
        }
      ],
      "hasInstallScript": true,
      "license": "MIT"
    },
    "node_modules/@tsparticles/interaction-external-attract": {
      "version": "3.8.1",
      "resolved": "https://registry.npmjs.org/@tsparticles/interaction-external-attract/-/interaction-external-attract-3.8.1.tgz",
      "integrity": "sha512-GWzyj5MOzjb5pNWuqAueNZS2ilPcZ0isiqwcb0BjjpwfiGfL72UyIbNUDMLncsW+4jcwB4WyMsv/qOGDmAwVfQ==",
      "license": "MIT",
      "dependencies": {
        "@tsparticles/engine": "3.8.1"
      }
    },
    "node_modules/@tsparticles/interaction-external-bounce": {
      "version": "3.8.1",
      "resolved": "https://registry.npmjs.org/@tsparticles/interaction-external-bounce/-/interaction-external-bounce-3.8.1.tgz",
      "integrity": "sha512-tgVzsE3orneSeSUc1XhRD6Iqs8Rkm11iRdkncKSpNx4SI2eJWFPhwit2wIiHQ+IuvgCmM2DXRtLgEVeaux71zg==",
      "license": "MIT",
      "dependencies": {
        "@tsparticles/engine": "3.8.1"
      }
    },
    "node_modules/@tsparticles/interaction-external-bubble": {
      "version": "3.8.1",
      "resolved": "https://registry.npmjs.org/@tsparticles/interaction-external-bubble/-/interaction-external-bubble-3.8.1.tgz",
      "integrity": "sha512-edRVFybiVFd5vEjfEkHgrBTXfPTKc05EqCmRuOEd5gOll1ui0nPtknzj9JiLrPacQAJ7OgZKlHWYQb1u5Yy5Tw==",
      "license": "MIT",
      "dependencies": {
        "@tsparticles/engine": "3.8.1"
      }
    },
    "node_modules/@tsparticles/interaction-external-connect": {
      "version": "3.8.1",
      "resolved": "https://registry.npmjs.org/@tsparticles/interaction-external-connect/-/interaction-external-connect-3.8.1.tgz",
      "integrity": "sha512-DQ0nNB0VDSxFxeaJQvm91NDUU/UPoiHE+uUzyw5qSoWJEGTUOj/QkW0GuBinCo99i8MH/wLDqMS9nb+7ZejpUw==",
      "license": "MIT",
      "dependencies": {
        "@tsparticles/engine": "3.8.1"
      }
    },
    "node_modules/@tsparticles/interaction-external-grab": {
      "version": "3.8.1",
      "resolved": "https://registry.npmjs.org/@tsparticles/interaction-external-grab/-/interaction-external-grab-3.8.1.tgz",
      "integrity": "sha512-nPaHrazEr14CGokGGkFHYXZJTN3Inshe04uQNj+Rj4Lz9dAIqq8EFuSejp0g9lk2cTHWfVf4SK4r8+aJz9Ow4Q==",
      "license": "MIT",
      "dependencies": {
        "@tsparticles/engine": "3.8.1"
      }
    },
    "node_modules/@tsparticles/interaction-external-pause": {
      "version": "3.8.1",
      "resolved": "https://registry.npmjs.org/@tsparticles/interaction-external-pause/-/interaction-external-pause-3.8.1.tgz",
      "integrity": "sha512-W+6bjNDddtzlikwnfmk2G/GJsz4ZnoqvK0c63earvnPNUAJmkzrvmLS52JoaIOSyclOIeD4LmubT6IsQDv5ohA==",
      "license": "MIT",
      "dependencies": {
        "@tsparticles/engine": "3.8.1"
      }
    },
    "node_modules/@tsparticles/interaction-external-push": {
      "version": "3.8.1",
      "resolved": "https://registry.npmjs.org/@tsparticles/interaction-external-push/-/interaction-external-push-3.8.1.tgz",
      "integrity": "sha512-LgaXaBM5QXRCeYt3DzphEhE/OirEGnV4iJrXKGJ/FrYMH7kOao85rPmCtYQNYzIy6K0XstmATmTvFRziZ/M4VQ==",
      "license": "MIT",
      "dependencies": {
        "@tsparticles/engine": "3.8.1"
      }
    },
    "node_modules/@tsparticles/interaction-external-remove": {
      "version": "3.8.1",
      "resolved": "https://registry.npmjs.org/@tsparticles/interaction-external-remove/-/interaction-external-remove-3.8.1.tgz",
      "integrity": "sha512-mwo1DRJPIqzrWfs2G+kfQ5/HyM5j/soIj11zur3BkIlm9vdYIxUpA+hvO734oekSjJxY7YFmYUaqc4vC5TFE5w==",
      "license": "MIT",
      "dependencies": {
        "@tsparticles/engine": "3.8.1"
      }
    },
    "node_modules/@tsparticles/interaction-external-repulse": {
      "version": "3.8.1",
      "resolved": "https://registry.npmjs.org/@tsparticles/interaction-external-repulse/-/interaction-external-repulse-3.8.1.tgz",
      "integrity": "sha512-r0E828zrKIRHA27daItHtI9QEp1tO8d8dmF8Ld8+orn7q0+BKG+uGvNTYJFZ+hqR+lp5AkLOiThf7L2wLS9M1A==",
      "license": "MIT",
      "dependencies": {
        "@tsparticles/engine": "3.8.1"
      }
    },
    "node_modules/@tsparticles/interaction-external-slow": {
      "version": "3.8.1",
      "resolved": "https://registry.npmjs.org/@tsparticles/interaction-external-slow/-/interaction-external-slow-3.8.1.tgz",
      "integrity": "sha512-U4P6c9V6/fSDsWchD4oAYAIPHA/203LzQ7+792cMxa7YThza0VS7YyJUQ1PACjGMmfeKbE34/eoGPqESKakeLw==",
      "license": "MIT",
      "dependencies": {
        "@tsparticles/engine": "3.8.1"
      }
    },
    "node_modules/@tsparticles/interaction-external-trail": {
      "version": "3.8.1",
      "resolved": "https://registry.npmjs.org/@tsparticles/interaction-external-trail/-/interaction-external-trail-3.8.1.tgz",
      "integrity": "sha512-CUiTxCtTASYdqi55KpJ98IRnuLS+G66v+s1/dZeAE7F7wzL7tkcUBQ3hP1yzBpFmKsoYHJfz9nAfocAkgRb6hg==",
      "license": "MIT",
      "dependencies": {
        "@tsparticles/engine": "3.8.1"
      }
    },
    "node_modules/@tsparticles/interaction-particles-attract": {
      "version": "3.8.1",
      "resolved": "https://registry.npmjs.org/@tsparticles/interaction-particles-attract/-/interaction-particles-attract-3.8.1.tgz",
      "integrity": "sha512-lo5JAVdeh1tQq/7SDsIllNdyIJgF3hSquWLARUIwGolezD91bEmHp/rlhTscX5NrqiM3y7z3inJPhR0nP5kGeg==",
      "license": "MIT",
      "dependencies": {
        "@tsparticles/engine": "3.8.1"
      }
    },
    "node_modules/@tsparticles/interaction-particles-collisions": {
      "version": "3.8.1",
      "resolved": "https://registry.npmjs.org/@tsparticles/interaction-particles-collisions/-/interaction-particles-collisions-3.8.1.tgz",
      "integrity": "sha512-teqn1CZVoJkT/ubhkb4R/H1rnx7DoIeerHXS5uME+vrLIqzkn8QlWdEdTJ7PhdB+Ct2iYAeXCrJWwIqnKaAL3w==",
      "license": "MIT",
      "dependencies": {
        "@tsparticles/engine": "3.8.1"
      }
    },
    "node_modules/@tsparticles/interaction-particles-links": {
      "version": "3.8.1",
      "resolved": "https://registry.npmjs.org/@tsparticles/interaction-particles-links/-/interaction-particles-links-3.8.1.tgz",
      "integrity": "sha512-D+X7wEWyhfV7J0uDWf5vWDhxjfaNovNZW0BWscR9qSy8pl3hjRpv0sJ/QaQFscmK5SzVz28tUFDRLbH1aV5v/Q==",
      "license": "MIT",
      "dependencies": {
        "@tsparticles/engine": "3.8.1"
      }
    },
    "node_modules/@tsparticles/move-base": {
      "version": "3.8.1",
      "resolved": "https://registry.npmjs.org/@tsparticles/move-base/-/move-base-3.8.1.tgz",
      "integrity": "sha512-DNFRL1QT8ZQYLg3fIk74EbHJq5HGOq9CM2bCci9dDcdymvN4L7aWVFQavRiWDbi3y1EUW3+jeHSMbD3qHAfOeA==",
      "license": "MIT",
      "dependencies": {
        "@tsparticles/engine": "3.8.1"
      }
    },
    "node_modules/@tsparticles/move-parallax": {
      "version": "3.8.1",
      "resolved": "https://registry.npmjs.org/@tsparticles/move-parallax/-/move-parallax-3.8.1.tgz",
      "integrity": "sha512-umrIttaJGUgfxpnolbMU2BekoN4gw0RgcfVsWR7jzHErA7eTzdJ2mikbQFD+3/1DfTDgJOjWx+dy8a3G/bSsZg==",
      "license": "MIT",
      "dependencies": {
        "@tsparticles/engine": "3.8.1"
      }
    },
    "node_modules/@tsparticles/plugin-absorbers": {
      "version": "3.8.1",
      "resolved": "https://registry.npmjs.org/@tsparticles/plugin-absorbers/-/plugin-absorbers-3.8.1.tgz",
      "integrity": "sha512-Di2Gncl3tCOCkLr2xZH8qCTVop3ES1r4lnLGDfmWPwUoSwSAUDE1epXKuf/9aLgdCMe7B4v/BGIr3YKUtTO3ww==",
      "license": "MIT",
      "dependencies": {
        "@tsparticles/engine": "3.8.1"
      }
    },
    "node_modules/@tsparticles/plugin-easing-quad": {
      "version": "3.8.1",
      "resolved": "https://registry.npmjs.org/@tsparticles/plugin-easing-quad/-/plugin-easing-quad-3.8.1.tgz",
      "integrity": "sha512-+BiPNHgsNbbh0AhWKjrmJaAu5c37naqjbME8ZYl0BClI0AC5AzBUaezYRxECaLrdtHJvKrZXFMr6Q0sxjDc6QQ==",
      "funding": [
        {
          "type": "github",
          "url": "https://github.com/sponsors/matteobruni"
        },
        {
          "type": "github",
          "url": "https://github.com/sponsors/tsparticles"
        },
        {
          "type": "buymeacoffee",
          "url": "https://www.buymeacoffee.com/matteobruni"
        }
      ],
      "license": "MIT",
      "dependencies": {
        "@tsparticles/engine": "3.8.1"
      }
    },
    "node_modules/@tsparticles/plugin-emitters": {
      "version": "3.8.1",
      "resolved": "https://registry.npmjs.org/@tsparticles/plugin-emitters/-/plugin-emitters-3.8.1.tgz",
      "integrity": "sha512-PGldE3OHs1hsZM6a8qHpXvKIMhaWAqZNwq8v7FwgJGxikXVvYtkKSaWslTpID3hYvtB6+whKig2uWURmq2TUsg==",
      "license": "MIT",
      "dependencies": {
        "@tsparticles/engine": "3.8.1"
      }
    },
    "node_modules/@tsparticles/plugin-emitters-shape-circle": {
      "version": "3.8.1",
      "resolved": "https://registry.npmjs.org/@tsparticles/plugin-emitters-shape-circle/-/plugin-emitters-shape-circle-3.8.1.tgz",
      "integrity": "sha512-YmUzR5I0Yotadsz/UstDzhRAxEKkJBZ3SSF3y0TcP4t7CDyv5moMzi0W1bW/MeT7rt8d8RLYsS9qyOX/5a5DDw==",
      "funding": [
        {
          "type": "github",
          "url": "https://github.com/sponsors/matteobruni"
        },
        {
          "type": "github",
          "url": "https://github.com/sponsors/tsparticles"
        },
        {
          "type": "buymeacoffee",
          "url": "https://www.buymeacoffee.com/matteobruni"
        }
      ],
      "license": "MIT",
      "dependencies": {
        "@tsparticles/engine": "3.8.1",
        "@tsparticles/plugin-emitters": "3.8.1"
      }
    },
    "node_modules/@tsparticles/plugin-emitters-shape-square": {
      "version": "3.8.1",
      "resolved": "https://registry.npmjs.org/@tsparticles/plugin-emitters-shape-square/-/plugin-emitters-shape-square-3.8.1.tgz",
      "integrity": "sha512-hg8a9ZD3PPRuNW8y/jqrRS2J153DkVvAfSdsO+l2PASG8vYVaxzUD1kqAUknUhNZmhg3BvtwQp+ojCNaat5/Lg==",
      "funding": [
        {
          "type": "github",
          "url": "https://github.com/sponsors/matteobruni"
        },
        {
          "type": "github",
          "url": "https://github.com/sponsors/tsparticles"
        },
        {
          "type": "buymeacoffee",
          "url": "https://www.buymeacoffee.com/matteobruni"
        }
      ],
      "license": "MIT",
      "dependencies": {
        "@tsparticles/engine": "3.8.1",
        "@tsparticles/plugin-emitters": "3.8.1"
      }
    },
    "node_modules/@tsparticles/plugin-hex-color": {
      "version": "3.8.1",
      "resolved": "https://registry.npmjs.org/@tsparticles/plugin-hex-color/-/plugin-hex-color-3.8.1.tgz",
      "integrity": "sha512-AmgB7XIYBCvg5HcqYb19YpcjEx2k4DpU2e24n0rradDDeqKKcz7EWI/08FlAnDb5HUs1em63vaAanl1vdm3+OA==",
      "funding": [
        {
          "type": "github",
          "url": "https://github.com/sponsors/matteobruni"
        },
        {
          "type": "github",
          "url": "https://github.com/sponsors/tsparticles"
        },
        {
          "type": "buymeacoffee",
          "url": "https://www.buymeacoffee.com/matteobruni"
        }
      ],
      "license": "MIT",
      "dependencies": {
        "@tsparticles/engine": "3.8.1"
      }
    },
    "node_modules/@tsparticles/plugin-hsl-color": {
      "version": "3.8.1",
      "resolved": "https://registry.npmjs.org/@tsparticles/plugin-hsl-color/-/plugin-hsl-color-3.8.1.tgz",
      "integrity": "sha512-Ja6oEX6yu0064e4a+Fv1TBJiG5y0hqWwoOKSqf/Ra/zo01ageOEvDVX70FOVSrP+iEPGPznKVNcZs1tEOOvO0g==",
      "funding": [
        {
          "type": "github",
          "url": "https://github.com/sponsors/matteobruni"
        },
        {
          "type": "github",
          "url": "https://github.com/sponsors/tsparticles"
        },
        {
          "type": "buymeacoffee",
          "url": "https://www.buymeacoffee.com/matteobruni"
        }
      ],
      "license": "MIT",
      "dependencies": {
        "@tsparticles/engine": "3.8.1"
      }
    },
    "node_modules/@tsparticles/plugin-rgb-color": {
      "version": "3.8.1",
      "resolved": "https://registry.npmjs.org/@tsparticles/plugin-rgb-color/-/plugin-rgb-color-3.8.1.tgz",
      "integrity": "sha512-xNLqnaFUYjU+7dCHQXjZdM4UojUAVorPVmXlYmkh1xmujLljEaFTwCg1UJVlNq+fXENIFkeaf3/XT0U/q0ZBTA==",
      "funding": [
        {
          "type": "github",
          "url": "https://github.com/sponsors/matteobruni"
        },
        {
          "type": "github",
          "url": "https://github.com/sponsors/tsparticles"
        },
        {
          "type": "buymeacoffee",
          "url": "https://www.buymeacoffee.com/matteobruni"
        }
      ],
      "license": "MIT",
      "dependencies": {
        "@tsparticles/engine": "3.8.1"
      }
    },
    "node_modules/@tsparticles/shape-circle": {
      "version": "3.8.1",
      "resolved": "https://registry.npmjs.org/@tsparticles/shape-circle/-/shape-circle-3.8.1.tgz",
      "integrity": "sha512-dM/f+qcpd8/KfviuVuKiTS8KLDE/T7xxHK7EI2S49yPW6yrJJBXdL7T4N9/n/6PF+Wslcl+kf/eTDjEAI3WjNQ==",
      "license": "MIT",
      "dependencies": {
        "@tsparticles/engine": "3.8.1"
      }
    },
    "node_modules/@tsparticles/shape-emoji": {
      "version": "3.8.1",
      "resolved": "https://registry.npmjs.org/@tsparticles/shape-emoji/-/shape-emoji-3.8.1.tgz",
      "integrity": "sha512-xiXNZ/afdecengUXhOqgUwR+vysgaseVpzEjoGoliOMWq4WHWv+S6ujNfes2oz3x736mTlvKdXcEWRncSXaKWw==",
      "license": "MIT",
      "dependencies": {
        "@tsparticles/engine": "3.8.1"
      }
    },
    "node_modules/@tsparticles/shape-image": {
      "version": "3.8.1",
      "resolved": "https://registry.npmjs.org/@tsparticles/shape-image/-/shape-image-3.8.1.tgz",
      "integrity": "sha512-7Yi25uLXvcY5A6TzyVBjYPsTmeTrE+0a2YO8kdp3O7V9NRGCSfXKnPRFp+lNOTiQRRvOG+SSzx2G18dfc/jwQg==",
      "license": "MIT",
      "dependencies": {
        "@tsparticles/engine": "3.8.1"
      }
    },
    "node_modules/@tsparticles/shape-line": {
      "version": "3.8.1",
      "resolved": "https://registry.npmjs.org/@tsparticles/shape-line/-/shape-line-3.8.1.tgz",
      "integrity": "sha512-aXVKkpGLgi1hbU/JO+opzy3OTt6PfxWrhGZyI0ms3vdcRX9uYlq4GoNUoKPVfntjWzhecF+FNNZ9gqUG/+WZLQ==",
      "license": "MIT",
      "dependencies": {
        "@tsparticles/engine": "3.8.1"
      }
    },
    "node_modules/@tsparticles/shape-polygon": {
      "version": "3.8.1",
      "resolved": "https://registry.npmjs.org/@tsparticles/shape-polygon/-/shape-polygon-3.8.1.tgz",
      "integrity": "sha512-1pAx85NJbgmsOngl+ZAYH8vxwPJmoddjWCbWTD0wlp/x+2NRjn1iaGBKObPKLgwVzsAXb9qNHMsUX/x0C54svw==",
      "license": "MIT",
      "dependencies": {
        "@tsparticles/engine": "3.8.1"
      }
    },
    "node_modules/@tsparticles/shape-square": {
      "version": "3.8.1",
      "resolved": "https://registry.npmjs.org/@tsparticles/shape-square/-/shape-square-3.8.1.tgz",
      "integrity": "sha512-4cjDt6542dkc15zxG1VYT7ScgPXM3+5VGtwMfh5CYNBx+GZZ3R+XUo1Q66JadcqKcNdHXfMWbXCMxs0GaiTtSw==",
      "license": "MIT",
      "dependencies": {
        "@tsparticles/engine": "3.8.1"
      }
    },
    "node_modules/@tsparticles/shape-star": {
      "version": "3.8.1",
      "resolved": "https://registry.npmjs.org/@tsparticles/shape-star/-/shape-star-3.8.1.tgz",
      "integrity": "sha512-wBxnawqan/ocguNxY6cOEXF+YVnLIUmGBlnVGYx/7U9E2UHuHEKkoumob4fUflKISjvj5eQLpm/E1eUfYMd6RA==",
      "license": "MIT",
      "dependencies": {
        "@tsparticles/engine": "3.8.1"
      }
    },
    "node_modules/@tsparticles/shape-text": {
      "version": "3.8.1",
      "resolved": "https://registry.npmjs.org/@tsparticles/shape-text/-/shape-text-3.8.1.tgz",
      "integrity": "sha512-PuEQobjHE5F/G2anv87b4K+wrBBuqE6H08Pm7BAb+qDl/LDmVZrrYrm4xl1DP07M/fhBJZpaBSgQ/m/5synSHw==",
      "license": "MIT",
      "dependencies": {
        "@tsparticles/engine": "3.8.1"
      }
    },
    "node_modules/@tsparticles/slim": {
      "version": "3.8.1",
      "resolved": "https://registry.npmjs.org/@tsparticles/slim/-/slim-3.8.1.tgz",
      "integrity": "sha512-b6JV8MrxMz0XYn0eBCI/Mq8VCRyeaWfUyQaQyxLiRd96xpBXCeULooJF+Eaz9it1sUI898a5QfvY8djNXs4OJw==",
      "funding": [
        {
          "type": "github",
          "url": "https://github.com/sponsors/matteobruni"
        },
        {
          "type": "github",
          "url": "https://github.com/sponsors/tsparticles"
        },
        {
          "type": "buymeacoffee",
          "url": "https://www.buymeacoffee.com/matteobruni"
        }
      ],
      "license": "MIT",
      "dependencies": {
        "@tsparticles/basic": "3.8.1",
        "@tsparticles/engine": "3.8.1",
        "@tsparticles/interaction-external-attract": "3.8.1",
        "@tsparticles/interaction-external-bounce": "3.8.1",
        "@tsparticles/interaction-external-bubble": "3.8.1",
        "@tsparticles/interaction-external-connect": "3.8.1",
        "@tsparticles/interaction-external-grab": "3.8.1",
        "@tsparticles/interaction-external-pause": "3.8.1",
        "@tsparticles/interaction-external-push": "3.8.1",
        "@tsparticles/interaction-external-remove": "3.8.1",
        "@tsparticles/interaction-external-repulse": "3.8.1",
        "@tsparticles/interaction-external-slow": "3.8.1",
        "@tsparticles/interaction-particles-attract": "3.8.1",
        "@tsparticles/interaction-particles-collisions": "3.8.1",
        "@tsparticles/interaction-particles-links": "3.8.1",
        "@tsparticles/move-parallax": "3.8.1",
        "@tsparticles/plugin-easing-quad": "3.8.1",
        "@tsparticles/shape-emoji": "3.8.1",
        "@tsparticles/shape-image": "3.8.1",
        "@tsparticles/shape-line": "3.8.1",
        "@tsparticles/shape-polygon": "3.8.1",
        "@tsparticles/shape-square": "3.8.1",
        "@tsparticles/shape-star": "3.8.1",
        "@tsparticles/updater-life": "3.8.1",
        "@tsparticles/updater-rotate": "3.8.1",
        "@tsparticles/updater-stroke-color": "3.8.1"
      }
    },
    "node_modules/@tsparticles/updater-color": {
      "version": "3.8.1",
      "resolved": "https://registry.npmjs.org/@tsparticles/updater-color/-/updater-color-3.8.1.tgz",
      "integrity": "sha512-HKrZzrF8YJ+TD+FdIwaWOPV565bkBhe+Ewj7CwKblG7H/SG+C6n1xIYobXkGP5pYkkQ+Cm1UV/Aq0Ih7sa+rJg==",
      "license": "MIT",
      "dependencies": {
        "@tsparticles/engine": "3.8.1"
      }
    },
    "node_modules/@tsparticles/updater-destroy": {
      "version": "3.8.1",
      "resolved": "https://registry.npmjs.org/@tsparticles/updater-destroy/-/updater-destroy-3.8.1.tgz",
      "integrity": "sha512-OMy8zZv3ujiaLw1i2BNWOhDgBPNnDiKlTwIP1mK0N9cYOplJkgaxmHOc7NhCndnLvZaYHqfN2bujLK2iBgNdbw==",
      "license": "MIT",
      "dependencies": {
        "@tsparticles/engine": "3.8.1"
      }
    },
    "node_modules/@tsparticles/updater-life": {
      "version": "3.8.1",
      "resolved": "https://registry.npmjs.org/@tsparticles/updater-life/-/updater-life-3.8.1.tgz",
      "integrity": "sha512-5rCFFKD7js1lKgTpKOLo2OfmisWp4qqMVUVR4bNPeR0Ne/dcwDbKDzWyYS2AMsvWv/gcTTtWiarRfAiVQ5HtNg==",
      "license": "MIT",
      "dependencies": {
        "@tsparticles/engine": "3.8.1"
      }
    },
    "node_modules/@tsparticles/updater-opacity": {
      "version": "3.8.1",
      "resolved": "https://registry.npmjs.org/@tsparticles/updater-opacity/-/updater-opacity-3.8.1.tgz",
      "integrity": "sha512-41dJ0T7df7AUFFkV9yU0buUfUwh+hLYcViXxkDy+6CJiiNCNZ4H404w1DTpBQLL4fbxUcDk9BXZLV7gkE2OfAw==",
      "license": "MIT",
      "dependencies": {
        "@tsparticles/engine": "3.8.1"
      }
    },
    "node_modules/@tsparticles/updater-out-modes": {
      "version": "3.8.1",
      "resolved": "https://registry.npmjs.org/@tsparticles/updater-out-modes/-/updater-out-modes-3.8.1.tgz",
      "integrity": "sha512-BY8WqQwoDFpgPybwTzBU2GnxtRkjWnGStqBnR53x5+f1j7geTSY6WjcOvl1W+IkjtwtjiifriwBl41EbqMrjdQ==",
      "license": "MIT",
      "dependencies": {
        "@tsparticles/engine": "3.8.1"
      }
    },
    "node_modules/@tsparticles/updater-roll": {
      "version": "3.8.1",
      "resolved": "https://registry.npmjs.org/@tsparticles/updater-roll/-/updater-roll-3.8.1.tgz",
      "integrity": "sha512-KYFTfMr8/M5pYBJFUFVrkogJURtKO5ogNSocOCf0v2QLMsbT5+OKNO7CLtxPZD98vTGRD3CHlt53/PF0tSesDA==",
      "license": "MIT",
      "dependencies": {
        "@tsparticles/engine": "3.8.1"
      }
    },
    "node_modules/@tsparticles/updater-rotate": {
      "version": "3.8.1",
      "resolved": "https://registry.npmjs.org/@tsparticles/updater-rotate/-/updater-rotate-3.8.1.tgz",
      "integrity": "sha512-gpI07H1+diuuUdhJsQ1RlfHSD3fzBJrjyuwGuoXgHmvKzak6EWKpYfUMOraH4Dm41m/4kJZelle4nST+NpIuoA==",
      "license": "MIT",
      "dependencies": {
        "@tsparticles/engine": "3.8.1"
      }
    },
    "node_modules/@tsparticles/updater-size": {
      "version": "3.8.1",
      "resolved": "https://registry.npmjs.org/@tsparticles/updater-size/-/updater-size-3.8.1.tgz",
      "integrity": "sha512-SC2ZxewtpwKadCalotK6x2YanxRO3hTMW1Rxzx9V2rcjAIgh/Nw49Vuithy2TDq8RtTc9rHDAPic2vMQ/lYQwA==",
      "license": "MIT",
      "dependencies": {
        "@tsparticles/engine": "3.8.1"
      }
    },
    "node_modules/@tsparticles/updater-stroke-color": {
      "version": "3.8.1",
      "resolved": "https://registry.npmjs.org/@tsparticles/updater-stroke-color/-/updater-stroke-color-3.8.1.tgz",
      "integrity": "sha512-rofHCf5oRHP2H+BTJ4D3r4mTqZtre3c8bsdJHATle26+gLpzbt6I1a83wAY8xnsQa1BNnRAfEsnb7GpdZ1vYaw==",
      "license": "MIT",
      "dependencies": {
        "@tsparticles/engine": "3.8.1"
      }
    },
    "node_modules/@tsparticles/updater-tilt": {
      "version": "3.8.1",
      "resolved": "https://registry.npmjs.org/@tsparticles/updater-tilt/-/updater-tilt-3.8.1.tgz",
      "integrity": "sha512-qMVd/sjrAds8m6vXFH5YKN8zrQR9SLdn5N5EvHx/JuKpOut4NhG85u8AEJL6ct1g7hY8Zj9kfi/dDSSovkaHhw==",
      "license": "MIT",
      "dependencies": {
        "@tsparticles/engine": "3.8.1"
      }
    },
    "node_modules/@tsparticles/updater-twinkle": {
      "version": "3.8.1",
      "resolved": "https://registry.npmjs.org/@tsparticles/updater-twinkle/-/updater-twinkle-3.8.1.tgz",
      "integrity": "sha512-ETJ1zLYp4vjSjmXDiXXr0yW4Vw8sL6XixM0NPU3yx/dKCVi9SGVMlRymfkxJV+9jMuU/pUCCmRnIdDS7YrDGmw==",
      "license": "MIT",
      "dependencies": {
        "@tsparticles/engine": "3.8.1"
      }
    },
    "node_modules/@tsparticles/updater-wobble": {
      "version": "3.8.1",
      "resolved": "https://registry.npmjs.org/@tsparticles/updater-wobble/-/updater-wobble-3.8.1.tgz",
      "integrity": "sha512-PkjVgeSkW0EebJQ9PdpwSMWU2fAvKsVSuH4KGmodYlgGkH0/zvKjMOPMEI6YRAor1/vF1soFyLYp9Vax7Ae13g==",
      "license": "MIT",
      "dependencies": {
        "@tsparticles/engine": "3.8.1"
      }
    },
    "node_modules/react": {
      "version": "19.1.0",
      "resolved": "https://registry.npmjs.org/react/-/react-19.1.0.tgz",
      "integrity": "sha512-FS+XFBNvn3GTAWq26joslQgWNoFu08F4kl0J4CgdNKADkdSGXQyTCnKteIAJy96Br6YbpEU1LSzV5dYtjMkMDg==",
      "license": "MIT",
      "peer": true,
      "engines": {
        "node": ">=0.10.0"
      }
    },
    "node_modules/react-tsparticles": {
      "version": "2.12.2",
      "resolved": "https://registry.npmjs.org/react-tsparticles/-/react-tsparticles-2.12.2.tgz",
      "integrity": "sha512-/nrEbyL8UROXKIMXe+f+LZN2ckvkwV2Qa+GGe/H26oEIc+wq/ybSG9REDwQiSt2OaDQGu0MwmA4BKmkL6wAWcA==",
      "deprecated": "@tsparticles/react is the new version, please use that",
      "funding": [
        {
          "type": "github",
          "url": "https://github.com/sponsors/matteobruni"
        },
        {
          "type": "github",
          "url": "https://github.com/sponsors/tsparticles"
        },
        {
          "type": "buymeacoffee",
          "url": "https://www.buymeacoffee.com/matteobruni"
        }
      ],
      "hasInstallScript": true,
      "license": "MIT",
      "dependencies": {
        "tsparticles-engine": "^2.12.0"
      },
      "peerDependencies": {
        "react": ">=16"
      }
    },
    "node_modules/tsparticles": {
      "version": "3.8.1",
      "resolved": "https://registry.npmjs.org/tsparticles/-/tsparticles-3.8.1.tgz",
      "integrity": "sha512-8hrG4dZMg5xxJEJ6ZA6qwdQUQjtguI+VCtl1kvp2QlgmX6qvegv0jizO3gKKUZ9QAwprIW57YeA7UTPvFvxYWw==",
      "funding": [
        {
          "type": "github",
          "url": "https://github.com/sponsors/matteobruni"
        },
        {
          "type": "github",
          "url": "https://github.com/sponsors/tsparticles"
        },
        {
          "type": "buymeacoffee",
          "url": "https://www.buymeacoffee.com/matteobruni"
        }
      ],
      "license": "MIT",
      "dependencies": {
        "@tsparticles/engine": "3.8.1",
        "@tsparticles/interaction-external-trail": "3.8.1",
        "@tsparticles/plugin-absorbers": "3.8.1",
        "@tsparticles/plugin-emitters": "3.8.1",
        "@tsparticles/plugin-emitters-shape-circle": "3.8.1",
        "@tsparticles/plugin-emitters-shape-square": "3.8.1",
        "@tsparticles/shape-text": "3.8.1",
        "@tsparticles/slim": "3.8.1",
        "@tsparticles/updater-destroy": "3.8.1",
        "@tsparticles/updater-roll": "3.8.1",
        "@tsparticles/updater-tilt": "3.8.1",
        "@tsparticles/updater-twinkle": "3.8.1",
        "@tsparticles/updater-wobble": "3.8.1"
      }
    },
    "node_modules/tsparticles-engine": {
      "version": "2.12.0",
      "resolved": "https://registry.npmjs.org/tsparticles-engine/-/tsparticles-engine-2.12.0.tgz",
      "integrity": "sha512-ZjDIYex6jBJ4iMc9+z0uPe7SgBnmb6l+EJm83MPIsOny9lPpetMsnw/8YJ3xdxn8hV+S3myTpTN1CkOVmFv0QQ==",
      "deprecated": "starting from tsparticles v3 the packages are now moved to @tsparticles/package-name instead of tsparticles-package-name",
      "funding": [
        {
          "type": "github",
          "url": "https://github.com/sponsors/matteobruni"
        },
        {
          "type": "github",
          "url": "https://github.com/sponsors/tsparticles"
        },
        {
          "type": "buymeacoffee",
          "url": "https://www.buymeacoffee.com/matteobruni"
        }
      ],
      "hasInstallScript": true,
      "license": "MIT"
    }
  }
}
